{
    "name": "tailwind-docs",
    "version": "2.1.0",
    "lockfileVersion": 2,
    "requires": true,
    "packages": {
        "": {
            "name": "tailwind-docs",
            "version": "2.1.0",
            "devDependencies": {
                "@types/mocha": "^2.2.48",
                "@types/node": "^7.10.11",
                "@types/vscode": "^1.56.0",
                "typescript": "^4.2.4"
            },
            "engines": {
                "vscode": "^1.56.0"
            }
        },
        "node_modules/@types/mocha": {
            "version": "2.2.48",
            "resolved": "https://registry.npmjs.org/@types/mocha/-/mocha-2.2.48.tgz",
            "integrity": "sha512-nlK/iyETgafGli8Zh9zJVCTicvU3iajSkRwOh3Hhiva598CMqNJ4NcVCGMTGKpGpTYj/9R8RLzS9NAykSSCqGw==",
            "dev": true
        },
        "node_modules/@types/node": {
            "version": "7.10.14",
            "resolved": "https://registry.npmjs.org/@types/node/-/node-7.10.14.tgz",
            "integrity": "sha512-29GS75BE8asnTno3yB6ubOJOO0FboExEqNJy4bpz0GSmW/8wPTNL4h9h63c6s1uTrOopCmJYe/4yJLh5r92ZUA==",
            "dev": true
        },
        "node_modules/@types/vscode": {
            "version": "1.66.0",
            "resolved": "https://registry.npmjs.org/@types/vscode/-/vscode-1.66.0.tgz",
            "integrity": "sha512-ZfJck4M7nrGasfs4A4YbUoxis3Vu24cETw3DERsNYtDZmYSYtk6ljKexKFKhImO/ZmY6ZMsmegu2FPkXoUFImA==",
            "dev": true
        },
        "node_modules/typescript": {
            "version": "4.6.3",
            "resolved": "https://registry.npmjs.org/typescript/-/typescript-4.6.3.tgz",
            "integrity": "sha512-yNIatDa5iaofVozS/uQJEl3JRWLKKGJKh6Yaiv0GLGSuhpFJe7P3SbHZ8/yjAHRQwKRoA6YZqlfjXWmVzoVSMw==",
            "dev": true,
            "bin": {
                "tsc": "bin/tsc",
                "tsserver": "bin/tsserver"
            },
            "engines": {
                "node": ">=4.2.0"
            }
        }
    },
    "dependencies": {
        "@types/mocha": {
            "version": "2.2.48",
            "resolved": "https://registry.npmjs.org/@types/mocha/-/mocha-2.2.48.tgz",
            "integrity": "sha512-nlK/iyETgafGli8Zh9zJVCTicvU3iajSkRwOh3Hhiva598CMqNJ4NcVCGMTGKpGpTYj/9R8RLzS9NAykSSCqGw==",
            "dev": true
        },
        "@types/node": {
            "version": "7.10.14",
            "resolved": "https://registry.npmjs.org/@types/node/-/node-7.10.14.tgz",
            "integrity": "sha512-29GS75BE8asnTno3yB6ubOJOO0FboExEqNJy4bpz0GSmW/8wPTNL4h9h63c6s1uTrOopCmJYe/4yJLh5r92ZUA==",
            "dev": true
        },
        "@types/vscode": {
            "version": "1.66.0",
            "resolved": "https://registry.npmjs.org/@types/vscode/-/vscode-1.66.0.tgz",
            "integrity": "sha512-ZfJck4M7nrGasfs4A4YbUoxis3Vu24cETw3DERsNYtDZmYSYtk6ljKexKFKhImO/ZmY6ZMsmegu2FPkXoUFImA==",
            "dev": true
        },
        "typescript": {
            "version": "4.6.3",
            "resolved": "https://registry.npmjs.org/typescript/-/typescript-4.6.3.tgz",
            "integrity": "sha512-yNIatDa5iaofVozS/uQJEl3JRWLKKGJKh6Yaiv0GLGSuhpFJe7P3SbHZ8/yjAHRQwKRoA6YZqlfjXWmVzoVSMw==",
            "dev": true
        }
    }
}
